// !$*UTF8*$!
{
	archiveVersion = 1;
	classes = {
	};
	objectVersion = 77;
	objects = {

/* Begin PBXBuildFile section */
		A100000000000000000000E2 /* Shared/SharedSession.swift in Sources */ = {isa = PBXBuildFile; fileRef = A100000000000000000000E1 /* Shared/SharedSession.swift */; };
		A100000000000000000000E3 /* Shared/SharedSession.swift in Sources */ = {isa = PBXBuildFile; fileRef = A100000000000000000000E1 /* Shared/SharedSession.swift */; };
		A100000000000000000000E6 /* Shared/ShareTitleParser.swift in Sources */ = {isa = PBXBuildFile; fileRef = A100000000000000000000E5 /* Shared/ShareTitleParser.swift */; };
		A100000000000000000000E7 /* Shared/ShareTitleParser.swift in Sources */ = {isa = PBXBuildFile; fileRef = A100000000000000000000E5 /* Shared/ShareTitleParser.swift */; };
		A1000000000000000000010D /* ShowPickerShareExtension.appex in Embed Foundation Extensions */ = {isa = PBXBuildFile; fileRef = A100000000000000000000C2 /* ShowPickerShareExtension.appex */; settings = {ATTRIBUTES = (RemoveHeadersOnCopy, ); }; };
		CDD1EA862FF5BE6300F095DE /* ShowPickerWatch Watch App.app in Embed Watch Content */ = {isa = PBXBuildFile; fileRef = CDD1EA7C2FF5BE6200F095DE /* ShowPickerWatch Watch App.app */; settings = {ATTRIBUTES = (RemoveHeadersOnCopy, ); }; };
		CDD1EA982FF5C17700F095DE /* ShowPickerCore in Frameworks */ = {isa = PBXBuildFile; productRef = CDD1EA972FF5C17700F095DE /* ShowPickerCore */; };
		CDE59A2E2FF5B30D00CBD097 /* ShowPickerCore in Frameworks */ = {isa = PBXBuildFile; productRef = CDE59A2D2FF5B30D00CBD097 /* ShowPickerCore */; };
/* End PBXBuildFile section */

/* Begin PBXContainerItemProxy section */
		A1000000000000000000010F /* PBXContainerItemProxy */ = {
			isa = PBXContainerItemProxy;
			containerPortal = A100000000000000000000A1 /* Project object */;
			proxyType = 1;
			remoteGlobalIDString = A100000000000000000000B2;
			remoteInfo = ShowPickerShareExtension;
		};
		CDD1EA842FF5BE6300F095DE /* PBXContainerItemProxy */ = {
			isa = PBXContainerItemProxy;
			containerPortal = A100000000000000000000A1 /* Project object */;
			proxyType = 1;
			remoteGlobalIDString = CDD1EA7B2FF5BE6200F095DE;
			remoteInfo = "ShowPickerWatch Watch App";
		};
/* End PBXContainerItemProxy section */

/* Begin PBXCopyFilesBuildPhase section */
		A100000000000000000000F4 /* Embed Foundation Extensions */ = {
			isa = PBXCopyFilesBuildPhase;
			buildActionMask = 2147483647;
			dstPath = "";
			dstSubfolderSpec = 13;
			files = (
				A1000000000000000000010D /* ShowPickerShareExtension.appex in Embed Foundation Extensions */,
			);
			name = "Embed Foundation Extensions";
			runOnlyForDeploymentPostprocessing = 0;
		};
		CDD1EA872FF5BE6300F095DE /* Embed Watch Content */ = {
			isa = PBXCopyFilesBuildPhase;
			buildActionMask = 2147483647;
			dstPath = "$(CONTENTS_FOLDER_PATH)/Watch";
			dstSubfolderSpec = 16;
			files = (
				CDD1EA862FF5BE6300F095DE /* ShowPickerWatch Watch App.app in Embed Watch Content */,
			);
			name = "Embed Watch Content";
			runOnlyForDeploymentPostprocessing = 0;
		};
/* End PBXCopyFilesBuildPhase section */

/* Begin PBXFileReference section */
		A100000000000000000000C1 /* ShowPickerIOS.app */ = {isa = PBXFileReference; explicitFileType = wrapper.application; includeInIndex = 0; path = ShowPickerIOS.app; sourceTree = BUILT_PRODUCTS_DIR; };
		A100000000000000000000C2 /* ShowPickerShareExtension.appex */ = {isa = PBXFileReference; explicitFileType = "wrapper.app-extension"; includeInIndex = 0; path = ShowPickerShareExtension.appex; sourceTree = BUILT_PRODUCTS_DIR; };
		A100000000000000000000C3 /* ShowPickerShareExtensionTests.xctest */ = {isa = PBXFileReference; explicitFileType = wrapper.cfbundle; includeInIndex = 0; path = ShowPickerShareExtensionTests.xctest; sourceTree = BUILT_PRODUCTS_DIR; };
		A100000000000000000000E1 /* Shared/SharedSession.swift */ = {isa = PBXFileReference; lastKnownFileType = sourcecode.swift; path = Shared/SharedSession.swift; sourceTree = "<group>"; };
		A100000000000000000000E5 /* Shared/ShareTitleParser.swift */ = {isa = PBXFileReference; lastKnownFileType = sourcecode.swift; path = Shared/ShareTitleParser.swift; sourceTree = "<group>"; };
		CDD1EA7C2FF5BE6200F095DE /* ShowPickerWatch Watch App.app */ = {isa = PBXFileReference; explicitFileType = wrapper.application; includeInIndex = 0; path = "ShowPickerWatch Watch App.app"; sourceTree = BUILT_PRODUCTS_DIR; };
/* End PBXFileReference section */

/* Begin PBXFileSystemSynchronizedBuildFileExceptionSet section */
		A10000000000000000000402 /* Exceptions for "ShowPickerShareExtension" folder in "ShowPickerShareExtension" target */ = {
			isa = PBXFileSystemSynchronizedBuildFileExceptionSet;
			membershipExceptions = (
				Info.plist,
			);
			target = A100000000000000000000B2 /* ShowPickerShareExtension */;
		};
/* End PBXFileSystemSynchronizedBuildFileExceptionSet section */

/* Begin PBXFileSystemSynchronizedRootGroup section */
		A100000000000000000000D3 /* ShowPickerIOS */ = {
			isa = PBXFileSystemSynchronizedRootGroup;
			path = ShowPickerIOS;
			sourceTree = "<group>";
		};
		A100000000000000000000D4 /* ShowPickerShareExtension */ = {
			isa = PBXFileSystemSynchronizedRootGroup;
			exceptions = (
				A10000000000000000000402 /* Exceptions for "ShowPickerShareExtension" folder in "ShowPickerShareExtension" target */,
			);
			path = ShowPickerShareExtension;
			sourceTree = "<group>";
		};
		A100000000000000000000D5 /* ShowPickerShareExtensionTests */ = {
			isa = PBXFileSystemSynchronizedRootGroup;
			path = ShowPickerShareExtensionTests;
			sourceTree = "<group>";
		};
		CDD1EA7D2FF5BE6200F095DE /* ShowPickerWatch Watch App */ = {
			isa = PBXFileSystemSynchronizedRootGroup;
			path = "ShowPickerWatch Watch App";
			sourceTree = "<group>";
		};
/* End PBXFileSystemSynchronizedRootGroup section */

/* Begin PBXFrameworksBuildPhase section */
		A100000000000000000000F2 /* Frameworks */ = {
			isa = PBXFrameworksBuildPhase;
			buildActionMask = 2147483647;
			files = (
				CDE59A2E2FF5B30D00CBD097 /* ShowPickerCore in Frameworks */,
			);
			runOnlyForDeploymentPostprocessing = 0;
		};
		A100000000000000000000F6 /* Frameworks */ = {
			isa = PBXFrameworksBuildPhase;
			buildActionMask = 2147483647;
			files = (
			);
			runOnlyForDeploymentPostprocessing = 0;
		};
		A1000000000000000000010B /* Frameworks */ = {
			isa = PBXFrameworksBuildPhase;
			buildActionMask = 2147483647;
			files = (
			);
			runOnlyForDeploymentPostprocessing = 0;
		};
		CDD1EA792FF5BE6200F095DE /* Frameworks */ = {
			isa = PBXFrameworksBuildPhase;
			buildActionMask = 2147483647;
			files = (
				CDD1EA982FF5C17700F095DE /* ShowPickerCore in Frameworks */,
			);
			runOnlyForDeploymentPostprocessing = 0;
		};
/* End PBXFrameworksBuildPhase section */

/* Begin PBXGroup section */
		A100000000000000000000D1 = {
			isa = PBXGroup;
			children = (
				A100000000000000000000D3 /* ShowPickerIOS */,
				A100000000000000000000D4 /* ShowPickerShareExtension */,
				A100000000000000000000D5 /* ShowPickerShareExtensionTests */,
				A100000000000000000000E1 /* Shared/SharedSession.swift */,
				A100000000000000000000E5 /* Shared/ShareTitleParser.swift */,
				CDD1EA7D2FF5BE6200F095DE /* ShowPickerWatch Watch App */,
				CDE59A2C2FF5B30D00CBD097 /* Frameworks */,
				A100000000000000000000D2 /* Products */,
			);
			sourceTree = "<group>";
		};
		A100000000000000000000D2 /* Products */ = {
			isa = PBXGroup;
			children = (
				A100000000000000000000C1 /* ShowPickerIOS.app */,
				A100000000000000000000C2 /* ShowPickerShareExtension.appex */,
				A100000000000000000000C3 /* ShowPickerShareExtensionTests.xctest */,
				CDD1EA7C2FF5BE6200F095DE /* ShowPickerWatch Watch App.app */,
			);
			name = Products;
			sourceTree = "<group>";
		};
		CDE59A2C2FF5B30D00CBD097 /* Frameworks */ = {
			isa = PBXGroup;
			children = (
			);
			name = Frameworks;
			sourceTree = "<group>";
		};
/* End PBXGroup section */

/* Begin PBXNativeTarget section */
		A100000000000000000000B1 /* ShowPickerIOS */ = {
			isa = PBXNativeTarget;
			buildConfigurationList = A10000000000000000000202 /* Build configuration list for PBXNativeTarget "ShowPickerIOS" */;
			buildPhases = (
				A100000000000000000000F1 /* Sources */,
				A100000000000000000000F2 /* Frameworks */,
				A100000000000000000000F3 /* Resources */,
				A100000000000000000000F4 /* Embed Foundation Extensions */,
				A10000000000000000000F7 /* Set build number */,
				CDD1EA872FF5BE6300F095DE /* Embed Watch Content */,
			);
			buildRules = (
			);
			dependencies = (
				A1000000000000000000010E /* PBXTargetDependency */,
				CDD1EA852FF5BE6300F095DE /* PBXTargetDependency */,
			);
			fileSystemSynchronizedGroups = (
				A100000000000000000000D3 /* ShowPickerIOS */,
			);
			name = ShowPickerIOS;
			packageProductDependencies = (
				CDE59A2D2FF5B30D00CBD097 /* ShowPickerCore */,
			);
			productName = ShowPickerIOS;
			productReference = A100000000000000000000C1 /* ShowPickerIOS.app */;
			productType = "com.apple.product-type.application";
		};
		A100000000000000000000B2 /* ShowPickerShareExtension */ = {
			isa = PBXNativeTarget;
			buildConfigurationList = A10000000000000000000203 /* Build configuration list for PBXNativeTarget "ShowPickerShareExtension" */;
			buildPhases = (
				A1000000000000000000010A /* Sources */,
				A1000000000000000000010B /* Frameworks */,
				A1000000000000000000010C /* Resources */,
				A10000000000000000000F8 /* Set build number */,
			);
			buildRules = (
			);
			dependencies = (
			);
			fileSystemSynchronizedGroups = (
				A100000000000000000000D4 /* ShowPickerShareExtension */,
			);
			name = ShowPickerShareExtension;
			packageProductDependencies = (
			);
			productName = ShowPickerShareExtension;
			productReference = A100000000000000000000C2 /* ShowPickerShareExtension.appex */;
			productType = "com.apple.product-type.app-extension";
		};
		A100000000000000000000B3 /* ShowPickerShareExtensionTests */ = {
			isa = PBXNativeTarget;
			buildConfigurationList = A10000000000000000000204 /* Build configuration list for PBXNativeTarget "ShowPickerShareExtensionTests" */;
			buildPhases = (
				A100000000000000000000F5 /* Sources */,
				A100000000000000000000F6 /* Frameworks */,
			);
			buildRules = (
			);
			dependencies = (
			);
			fileSystemSynchronizedGroups = (
				A100000000000000000000D5 /* ShowPickerShareExtensionTests */,
			);
			name = ShowPickerShareExtensionTests;
			packageProductDependencies = (
			);
			productName = ShowPickerShareExtensionTests;
			productReference = A100000000000000000000C3 /* ShowPickerShareExtensionTests.xctest */;
			productType = "com.apple.product-type.bundle.unit-test";
		};
		CDD1EA7B2FF5BE6200F095DE /* ShowPickerWatch Watch App */ = {
			isa = PBXNativeTarget;
			buildConfigurationList = CDD1EA8A2FF5BE6300F095DE /* Build configuration list for PBXNativeTarget "ShowPickerWatch Watch App" */;
			buildPhases = (
				CDD1EA782FF5BE6200F095DE /* Sources */,
				CDD1EA792FF5BE6200F095DE /* Frameworks */,
				CDD1EA7A2FF5BE6200F095DE /* Resources */,
			);
			buildRules = (
			);
			dependencies = (
			);
			fileSystemSynchronizedGroups = (
				CDD1EA7D2FF5BE6200F095DE /* ShowPickerWatch Watch App */,
			);
			name = "ShowPickerWatch Watch App";
			packageProductDependencies = (
				CDD1EA972FF5C17700F095DE /* ShowPickerCore */,
			);
			productName = "ShowPickerWatch Watch App";
			productReference = CDD1EA7C2FF5BE6200F095DE /* ShowPickerWatch Watch App.app */;
			productType = "com.apple.product-type.application";
		};
/* End PBXNativeTarget section */

/* Begin PBXProject section */
		A100000000000000000000A1 /* Project object */ = {
			isa = PBXProject;
			attributes = {
				BuildIndependentTargetsInParallel = 1;
				LastSwiftUpdateCheck = 2660;
				LastUpgradeCheck = 2650;
				TargetAttributes = {
					A100000000000000000000B1 = {
						CreatedOnToolsVersion = 26.5;
					};
					A100000000000000000000B2 = {
						CreatedOnToolsVersion = 26.5;
					};
					A100000000000000000000B3 = {
						CreatedOnToolsVersion = 26.5;
					};
					CDD1EA7B2FF5BE6200F095DE = {
						CreatedOnToolsVersion = 26.6;
						LastSwiftMigration = 2660;
					};
				};
			};
			buildConfigurationList = A10000000000000000000201 /* Build configuration list for PBXProject "ShowPickerIOS" */;
			developmentRegion = en;
			hasScannedForEncodings = 0;
			knownRegions = (
				en,
				Base,
			);
			mainGroup = A100000000000000000000D1;
			minimizedProjectReferenceProxies = 1;
			packageReferences = (
				CDE59A2B2FF5B08200CBD097 /* XCLocalSwiftPackageReference "../ShowPickerCore" */,
			);
			preferredProjectObjectVersion = 77;
			productRefGroup = A100000000000000000000D2 /* Products */;
			projectDirPath = "";
			projectRoot = "";
			targets = (
				A100000000000000000000B1 /* ShowPickerIOS */,
				A100000000000000000000B2 /* ShowPickerShareExtension */,
				A100000000000000000000B3 /* ShowPickerShareExtensionTests */,
				CDD1EA7B2FF5BE6200F095DE /* ShowPickerWatch Watch App */,
			);
		};
/* End PBXProject section */

/* Begin PBXResourcesBuildPhase section */
		A100000000000000000000F3 /* Resources */ = {
			isa = PBXResourcesBuildPhase;
			buildActionMask = 2147483647;
			files = (
			);
			runOnlyForDeploymentPostprocessing = 0;
		};
		A1000000000000000000010C /* Resources */ = {
			isa = PBXResourcesBuildPhase;
			buildActionMask = 2147483647;
			files = (
			);
			runOnlyForDeploymentPostprocessing = 0;
		};
		CDD1EA7A2FF5BE6200F095DE /* Resources */ = {
			isa = PBXResourcesBuildPhase;
			buildActionMask = 2147483647;
			files = (
			);
			runOnlyForDeploymentPostprocessing = 0;
		};
/* End PBXResourcesBuildPhase section */

/* Begin PBXShellScriptBuildPhase section */
		A10000000000000000000F7 /* Set build number */ = {
			isa = PBXShellScriptBuildPhase;
			alwaysOutOfDate = 1;
			buildActionMask = 2147483647;
			files = (
			);
			inputFileListPaths = (
			);
			inputPaths = (
			);
			name = "Set build number";
			outputFileListPaths = (
			);
			outputPaths = (
			);
			runOnlyForDeploymentPostprocessing = 0;
			shellPath = /bin/sh;
			shellScript = "# Automatic build number: build date + git commit count (e.g. 20260623.142).\n# It always increases (the date bumps daily, the commit count within a day)\n# and is identical for the app and its extension since both derive it from the\n# same HEAD. Overrides CFBundleVersion in the processed Info.plist, so there is\n# no manual bump before archiving. Runs on every build so the app and its\n# extension never drift apart (the parent/extension CFBundleVersion must match).\nset -eu\nif commits=$(git -C \"$SRCROOT\" rev-list --count HEAD 2>/dev/null) && [ -n \"$commits\" ]; then\n  :\nelse\n  commits=$(date +%H%M)\nfi\nbuild_number=\"$(date +%Y%m%d).$commits\"\nplist=\"$TARGET_BUILD_DIR/$INFOPLIST_PATH\"\nif [ -f \"$plist\" ]; then\n  /usr/libexec/PlistBuddy -c \"Set :CFBundleVersion $build_number\" \"$plist\" || /usr/libexec/PlistBuddy -c \"Add :CFBundleVersion string $build_number\" \"$plist\"\n  echo \"note: set CFBundleVersion = $build_number\"\nfi\n";
		};
		A10000000000000000000F8 /* Set build number */ = {
			isa = PBXShellScriptBuildPhase;
			alwaysOutOfDate = 1;
			buildActionMask = 2147483647;
			files = (
			);
			inputFileListPaths = (
			);
			inputPaths = (
			);
			name = "Set build number";
			outputFileListPaths = (
			);
			outputPaths = (
			);
			runOnlyForDeploymentPostprocessing = 0;
			shellPath = /bin/sh;
			shellScript = "# Automatic build number: build date + git commit count (e.g. 20260623.142).\n# It always increases (the date bumps daily, the commit count within a day)\n# and is identical for the app and its extension since both derive it from the\n# same HEAD. Overrides CFBundleVersion in the processed Info.plist, so there is\n# no manual bump before archiving. Runs on every build so the app and its\n# extension never drift apart (the parent/extension CFBundleVersion must match).\nset -eu\nif commits=$(git -C \"$SRCROOT\" rev-list --count HEAD 2>/dev/null) && [ -n \"$commits\" ]; then\n  :\nelse\n  commits=$(date +%H%M)\nfi\nbuild_number=\"$(date +%Y%m%d).$commits\"\nplist=\"$TARGET_BUILD_DIR/$INFOPLIST_PATH\"\nif [ -f \"$plist\" ]; then\n  /usr/libexec/PlistBuddy -c \"Set :CFBundleVersion $build_number\" \"$plist\" || /usr/libexec/PlistBuddy -c \"Add :CFBundleVersion string $build_number\" \"$plist\"\n  echo \"note: set CFBundleVersion = $build_number\"\nfi\n";
		};
/* End PBXShellScriptBuildPhase section */

/* Begin PBXSourcesBuildPhase section */
		A100000000000000000000F1 /* Sources */ = {
			isa = PBXSourcesBuildPhase;
			buildActionMask = 2147483647;
			files = (
				A100000000000000000000E2 /* Shared/SharedSession.swift in Sources */,
			);
			runOnlyForDeploymentPostprocessing = 0;
		};
		A100000000000000000000F5 /* Sources */ = {
			isa = PBXSourcesBuildPhase;
			buildActionMask = 2147483647;
			files = (
				A100000000000000000000E7 /* Shared/ShareTitleParser.swift in Sources */,
			);
			runOnlyForDeploymentPostprocessing = 0;
		};
		A1000000000000000000010A /* Sources */ = {
			isa = PBXSourcesBuildPhase;
			buildActionMask = 2147483647;
			files = (
				A100000000000000000000E3 /* Shared/SharedSession.swift in Sources */,
				A100000000000000000000E6 /* Shared/ShareTitleParser.swift in Sources */,
			);
			runOnlyForDeploymentPostprocessing = 0;
		};
		CDD1EA782FF5BE6200F095DE /* Sources */ = {
			isa = PBXSourcesBuildPhase;
			buildActionMask = 2147483647;
			files = (
			);
			runOnlyForDeploymentPostprocessing = 0;
		};
/* End PBXSourcesBuildPhase section */

/* Begin PBXTargetDependency section */
		A1000000000000000000010E /* PBXTargetDependency */ = {
			isa = PBXTargetDependency;
			target = A100000000000000000000B2 /* ShowPickerShareExtension */;
			targetProxy = A1000000000000000000010F /* PBXContainerItemProxy */;
		};
		CDD1EA852FF5BE6300F095DE /* PBXTargetDependency */ = {
			isa = PBXTargetDependency;
			target = CDD1EA7B2FF5BE6200F095DE /* ShowPickerWatch Watch App */;
			targetProxy = CDD1EA842FF5BE6300F095DE /* PBXContainerItemProxy */;
		};
/* End PBXTargetDependency section */

/* Begin XCBuildConfiguration section */
		A10000000000000000000301 /* Debug */ = {
			isa = XCBuildConfiguration;
			buildSettings = {
				ALWAYS_SEARCH_USER_PATHS = NO;
				ASSETCATALOG_COMPILER_GENERATE_SWIFT_ASSET_SYMBOL_EXTENSIONS = YES;
				CLANG_ANALYZER_NONNULL = YES;
				CLANG_ANALYZER_NUMBER_OBJECT_CONVERSION = YES_AGGRESSIVE;
				CLANG_CXX_LANGUAGE_STANDARD = "gnu++20";
				CLANG_ENABLE_MODULES = YES;
				CLANG_ENABLE_OBJC_ARC = YES;
				CLANG_ENABLE_OBJC_WEAK = YES;
				CLANG_WARN_BLOCK_CAPTURE_AUTORELEASING = YES;
				CLANG_WARN_BOOL_CONVERSION = YES;
				CLANG_WARN_COMMA = YES;
				CLANG_WARN_CONSTANT_CONVERSION = YES;
				CLANG_WARN_DEPRECATED_OBJC_IMPLEMENTATIONS = YES;
				CLANG_WARN_DIRECT_OBJC_ISA_USAGE = YES_ERROR;
				CLANG_WARN_DOCUMENTATION_COMMENTS = YES;
				CLANG_WARN_EMPTY_BODY = YES;
				CLANG_WARN_ENUM_CONVERSION = YES;
				CLANG_WARN_INFINITE_RECURSION = YES;
				CLANG_WARN_INT_CONVERSION = YES;
				CLANG_WARN_NON_LITERAL_NULL_CONVERSION = YES;
				CLANG_WARN_OBJC_IMPLICIT_RETAIN_SELF = YES;
				CLANG_WARN_OBJC_LITERAL_CONVERSION = YES;
				CLANG_WARN_OBJC_ROOT_CLASS = YES_ERROR;
				CLANG_WARN_QUOTED_INCLUDE_IN_FRAMEWORK_HEADER = YES;
				CLANG_WARN_RANGE_LOOP_ANALYSIS = YES;
				CLANG_WARN_STRICT_PROTOTYPES = YES;
				CLANG_WARN_SUSPICIOUS_MOVE = YES;
				CLANG_WARN_UNGUARDED_AVAILABILITY = YES_AGGRESSIVE;
				CLANG_WARN_UNREACHABLE_CODE = YES;
				CLANG_WARN__DUPLICATE_METHOD_MATCH = YES;
				COPY_PHASE_STRIP = NO;
				CURRENT_PROJECT_VERSION = 9;
				DEBUG_INFORMATION_FORMAT = dwarf;
				DEVELOPMENT_TEAM = NQ6AJVVBBJ;
				ENABLE_STRICT_OBJC_MSGSEND = YES;
				ENABLE_TESTABILITY = YES;
				ENABLE_USER_SCRIPT_SANDBOXING = NO;
				GCC_C_LANGUAGE_STANDARD = gnu17;
				GCC_DYNAMIC_NO_PIC = NO;
				GCC_NO_COMMON_BLOCKS = YES;
				GCC_OPTIMIZATION_LEVEL = 0;
				GCC_PREPROCESSOR_DEFINITIONS = (
					"DEBUG=1",
					"$(inherited)",
				);
				GCC_WARN_64_TO_32_BIT_CONVERSION = YES;
				GCC_WARN_ABOUT_RETURN_TYPE = YES_ERROR;
				GCC_WARN_UNDECLARED_SELECTOR = YES;
				GCC_WARN_UNINITIALIZED_AUTOS = YES_AGGRESSIVE;
				GCC_WARN_UNUSED_FUNCTION = YES;
				GCC_WARN_UNUSED_VARIABLE = YES;
				IPHONEOS_DEPLOYMENT_TARGET = 17.0;
				LOCALIZATION_PREFERS_STRING_CATALOGS = YES;
				MARKETING_VERSION = 1.0;
				MTL_ENABLE_DEBUG_INFO = INCLUDE_SOURCE;
				MTL_FAST_MATH = YES;
				ONLY_ACTIVE_ARCH = YES;
				SDKROOT = iphoneos;
				SWIFT_ACTIVE_COMPILATION_CONDITIONS = "DEBUG $(inherited)";
				SWIFT_OPTIMIZATION_LEVEL = "-Onone";
			};
			name = Debug;
		};
		A10000000000000000000302 /* Release */ = {
			isa = XCBuildConfiguration;
			buildSettings = {
				ALWAYS_SEARCH_USER_PATHS = NO;
				ASSETCATALOG_COMPILER_GENERATE_SWIFT_ASSET_SYMBOL_EXTENSIONS = YES;
				CLANG_ANALYZER_NONNULL = YES;
				CLANG_ANALYZER_NUMBER_OBJECT_CONVERSION = YES_AGGRESSIVE;
				CLANG_CXX_LANGUAGE_STANDARD = "gnu++20";
				CLANG_ENABLE_MODULES = YES;
				CLANG_ENABLE_OBJC_ARC = YES;
				CLANG_ENABLE_OBJC_WEAK = YES;
				CLANG_WARN_BLOCK_CAPTURE_AUTORELEASING = YES;
				CLANG_WARN_BOOL_CONVERSION = YES;
				CLANG_WARN_COMMA = YES;
				CLANG_WARN_CONSTANT_CONVERSION = YES;
				CLANG_WARN_DEPRECATED_OBJC_IMPLEMENTATIONS = YES;
				CLANG_WARN_DIRECT_OBJC_ISA_USAGE = YES_ERROR;
				CLANG_WARN_DOCUMENTATION_COMMENTS = YES;
				CLANG_WARN_EMPTY_BODY = YES;
				CLANG_WARN_ENUM_CONVERSION = YES;
				CLANG_WARN_INFINITE_RECURSION = YES;
				CLANG_WARN_INT_CONVERSION = YES;
				CLANG_WARN_NON_LITERAL_NULL_CONVERSION = YES;
				CLANG_WARN_OBJC_IMPLICIT_RETAIN_SELF = YES;
				CLANG_WARN_OBJC_LITERAL_CONVERSION = YES;
				CLANG_WARN_OBJC_ROOT_CLASS = YES_ERROR;
				CLANG_WARN_QUOTED_INCLUDE_IN_FRAMEWORK_HEADER = YES;
				CLANG_WARN_RANGE_LOOP_ANALYSIS = YES;
				CLANG_WARN_STRICT_PROTOTYPES = YES;
				CLANG_WARN_SUSPICIOUS_MOVE = YES;
				CLANG_WARN_UNGUARDED_AVAILABILITY = YES_AGGRESSIVE;
				CLANG_WARN_UNREACHABLE_CODE = YES;
				CLANG_WARN__DUPLICATE_METHOD_MATCH = YES;
				COPY_PHASE_STRIP = NO;
				CURRENT_PROJECT_VERSION = 9;
				DEBUG_INFORMATION_FORMAT = "dwarf-with-dsym";
				DEVELOPMENT_TEAM = NQ6AJVVBBJ;
				ENABLE_NS_ASSERTIONS = NO;
				ENABLE_STRICT_OBJC_MSGSEND = YES;
				ENABLE_USER_SCRIPT_SANDBOXING = NO;
				GCC_C_LANGUAGE_STANDARD = gnu17;
				GCC_NO_COMMON_BLOCKS = YES;
				GCC_WARN_64_TO_32_BIT_CONVERSION = YES;
				GCC_WARN_ABOUT_RETURN_TYPE = YES_ERROR;
				GCC_WARN_UNDECLARED_SELECTOR = YES;
				GCC_WARN_UNINITIALIZED_AUTOS = YES_AGGRESSIVE;
				GCC_WARN_UNUSED_FUNCTION = YES;
				GCC_WARN_UNUSED_VARIABLE = YES;
				IPHONEOS_DEPLOYMENT_TARGET = 17.0;
				LOCALIZATION_PREFERS_STRING_CATALOGS = YES;
				MARKETING_VERSION = 1.0;
				MTL_ENABLE_DEBUG_INFO = NO;
				MTL_FAST_MATH = YES;
				SDKROOT = iphoneos;
				SWIFT_COMPILATION_MODE = wholemodule;
				VALIDATE_PRODUCT = YES;
			};
			name = Release;
		};
		A10000000000000000000303 /* Debug */ = {
			isa = XCBuildConfiguration;
			buildSettings = {
				ASSETCATALOG_COMPILER_APPICON_NAME = AppIcon;
				ASSETCATALOG_COMPILER_GLOBAL_ACCENT_COLOR_NAME = AccentColor;
				CODE_SIGN_ENTITLEMENTS = ShowPickerIOS/ShowPickerIOS.entitlements;
				CODE_SIGN_STYLE = Automatic;
				DEVELOPMENT_TEAM = NQ6AJVVBBJ;
				ENABLE_PREVIEWS = YES;
				GENERATE_INFOPLIST_FILE = YES;
				INFOPLIST_KEY_CFBundleDisplayName = "Show Picker Club";
				INFOPLIST_KEY_ITSAppUsesNonExemptEncryption = NO;
				INFOPLIST_KEY_UIApplicationSceneManifest_Generation = YES;
				INFOPLIST_KEY_UIApplicationSupportsIndirectInputEvents = YES;
				INFOPLIST_KEY_UILaunchScreen_Generation = YES;
				INFOPLIST_KEY_UISupportedInterfaceOrientations_iPad = "UIInterfaceOrientationPortrait UIInterfaceOrientationPortraitUpsideDown UIInterfaceOrientationLandscapeLeft UIInterfaceOrientationLandscapeRight";
				INFOPLIST_KEY_UISupportedInterfaceOrientations_iPhone = "UIInterfaceOrientationPortrait UIInterfaceOrientationLandscapeLeft UIInterfaceOrientationLandscapeRight";
				LD_RUNPATH_SEARCH_PATHS = (
					"$(inherited)",
					"@executable_path/Frameworks",
				);
				PRODUCT_BUNDLE_IDENTIFIER = net.patrickturner.showpickerios;
				PRODUCT_NAME = "$(TARGET_NAME)";
				SWIFT_EMIT_LOC_STRINGS = YES;
				SWIFT_VERSION = 5.0;
				TARGETED_DEVICE_FAMILY = 1;
			};
			name = Debug;
		};
		A10000000000000000000304 /* Release */ = {
			isa = XCBuildConfiguration;
			buildSettings = {
				ASSETCATALOG_COMPILER_APPICON_NAME = AppIcon;
				ASSETCATALOG_COMPILER_GLOBAL_ACCENT_COLOR_NAME = AccentColor;
				CODE_SIGN_ENTITLEMENTS = ShowPickerIOS/ShowPickerIOS.entitlements;
				CODE_SIGN_STYLE = Automatic;
				DEVELOPMENT_TEAM = NQ6AJVVBBJ;
				ENABLE_PREVIEWS = YES;
				GENERATE_INFOPLIST_FILE = YES;
				INFOPLIST_KEY_CFBundleDisplayName = "Show Picker Club";
				INFOPLIST_KEY_ITSAppUsesNonExemptEncryption = NO;
				INFOPLIST_KEY_UIApplicationSceneManifest_Generation = YES;
				INFOPLIST_KEY_UIApplicationSupportsIndirectInputEvents = YES;
				INFOPLIST_KEY_UILaunchScreen_Generation = YES;
				INFOPLIST_KEY_UISupportedInterfaceOrientations_iPad = "UIInterfaceOrientationPortrait UIInterfaceOrientationPortraitUpsideDown UIInterfaceOrientationLandscapeLeft UIInterfaceOrientationLandscapeRight";
				INFOPLIST_KEY_UISupportedInterfaceOrientations_iPhone = "UIInterfaceOrientationPortrait UIInterfaceOrientationLandscapeLeft UIInterfaceOrientationLandscapeRight";
				LD_RUNPATH_SEARCH_PATHS = (
					"$(inherited)",
					"@executable_path/Frameworks",
				);
				PRODUCT_BUNDLE_IDENTIFIER = net.patrickturner.showpickerios;
				PRODUCT_NAME = "$(TARGET_NAME)";
				SWIFT_EMIT_LOC_STRINGS = YES;
				SWIFT_VERSION = 5.0;
				TARGETED_DEVICE_FAMILY = 1;
			};
			name = Release;
		};
		A10000000000000000000305 /* Debug */ = {
			isa = XCBuildConfiguration;
			buildSettings = {
				CODE_SIGN_ENTITLEMENTS = ShowPickerShareExtension/ShareExtension.entitlements;
				CODE_SIGN_STYLE = Automatic;
				DEVELOPMENT_TEAM = NQ6AJVVBBJ;
				GENERATE_INFOPLIST_FILE = NO;
				INFOPLIST_FILE = ShowPickerShareExtension/Info.plist;
				IPHONEOS_DEPLOYMENT_TARGET = 17.0;
				LD_RUNPATH_SEARCH_PATHS = (
					"$(inherited)",
					"@executable_path/Frameworks",
					"@executable_path/../../Frameworks",
				);
				PRODUCT_BUNDLE_IDENTIFIER = net.patrickturner.showpickerios.ShareExtension;
				PRODUCT_NAME = "$(TARGET_NAME)";
				SKIP_INSTALL = YES;
				SWIFT_EMIT_LOC_STRINGS = YES;
				SWIFT_VERSION = 5.0;
				TARGETED_DEVICE_FAMILY = 1;
			};
			name = Debug;
		};
		A10000000000000000000306 /* Release */ = {
			isa = XCBuildConfiguration;
			buildSettings = {
				CODE_SIGN_ENTITLEMENTS = ShowPickerShareExtension/ShareExtension.entitlements;
				CODE_SIGN_STYLE = Automatic;
				DEVELOPMENT_TEAM = NQ6AJVVBBJ;
				GENERATE_INFOPLIST_FILE = NO;
				INFOPLIST_FILE = ShowPickerShareExtension/Info.plist;
				IPHONEOS_DEPLOYMENT_TARGET = 17.0;
				LD_RUNPATH_SEARCH_PATHS = (
					"$(inherited)",
					"@executable_path/Frameworks",
					"@executable_path/../../Frameworks",
				);
				PRODUCT_BUNDLE_IDENTIFIER = net.patrickturner.showpickerios.ShareExtension;
				PRODUCT_NAME = "$(TARGET_NAME)";
				SKIP_INSTALL = YES;
				SWIFT_EMIT_LOC_STRINGS = YES;
				SWIFT_VERSION = 5.0;
				TARGETED_DEVICE_FAMILY = 1;
			};
			name = Release;
		};
		A10000000000000000000307 /* Debug */ = {
			isa = XCBuildConfiguration;
			buildSettings = {
				CODE_SIGN_STYLE = Automatic;
				CURRENT_PROJECT_VERSION = 1;
				DEVELOPMENT_TEAM = NQ6AJVVBBJ;
				GENERATE_INFOPLIST_FILE = YES;
				IPHONEOS_DEPLOYMENT_TARGET = 17.0;
				MARKETING_VERSION = 1.0;
				PRODUCT_BUNDLE_IDENTIFIER = net.patrickturner.showpickerios.ShareTitleParserTests;
				PRODUCT_NAME = "$(TARGET_NAME)";
				SWIFT_EMIT_LOC_STRINGS = NO;
				SWIFT_VERSION = 5.0;
				TARGETED_DEVICE_FAMILY = 1;
			};
			name = Debug;
		};
		A10000000000000000000308 /* Release */ = {
			isa = XCBuildConfiguration;
			buildSettings = {
				CODE_SIGN_STYLE = Automatic;
				CURRENT_PROJECT_VERSION = 1;
				DEVELOPMENT_TEAM = NQ6AJVVBBJ;
				GENERATE_INFOPLIST_FILE = YES;
				IPHONEOS_DEPLOYMENT_TARGET = 17.0;
				MARKETING_VERSION = 1.0;
				PRODUCT_BUNDLE_IDENTIFIER = net.patrickturner.showpickerios.ShareTitleParserTests;
				PRODUCT_NAME = "$(TARGET_NAME)";
				SWIFT_EMIT_LOC_STRINGS = NO;
				SWIFT_VERSION = 5.0;
				TARGETED_DEVICE_FAMILY = 1;
			};
			name = Release;
		};
		CDD1EA882FF5BE6300F095DE /* Debug */ = {
			isa = XCBuildConfiguration;
			buildSettings = {
				ASSETCATALOG_COMPILER_APPICON_NAME = AppIcon;
				ASSETCATALOG_COMPILER_GLOBAL_ACCENT_COLOR_NAME = AccentColor;
				CLANG_ENABLE_MODULES = YES;
				CODE_SIGN_STYLE = Automatic;
				CURRENT_PROJECT_VERSION = 1;
				DEVELOPMENT_TEAM = NQ6AJVVBBJ;
				ENABLE_PREVIEWS = YES;
				ENABLE_USER_SCRIPT_SANDBOXING = YES;
				GENERATE_INFOPLIST_FILE = YES;
				INFOPLIST_KEY_CFBundleDisplayName = "Show Picker Club";
				INFOPLIST_KEY_UISupportedInterfaceOrientations = "UIInterfaceOrientationPortrait UIInterfaceOrientationPortraitUpsideDown";
				INFOPLIST_KEY_WKCompanionAppBundleIdentifier = net.patrickturner.showpickerios;
				LD_RUNPATH_SEARCH_PATHS = (
					"$(inherited)",
					"@executable_path/Frameworks",
				);
				MARKETING_VERSION = 1.0;
				PRODUCT_BUNDLE_IDENTIFIER = net.patrickturner.showpickerios.watchkitapp;
				PRODUCT_NAME = "$(TARGET_NAME)";
				SDKROOT = watchos;
				SKIP_INSTALL = YES;
				STRING_CATALOG_GENERATE_SYMBOLS = YES;
				SWIFT_APPROACHABLE_CONCURRENCY = YES;
				SWIFT_DEFAULT_ACTOR_ISOLATION = MainActor;
				SWIFT_EMIT_LOC_STRINGS = YES;
				SWIFT_OPTIMIZATION_LEVEL = "-Onone";
				SWIFT_UPCOMING_FEATURE_MEMBER_IMPORT_VISIBILITY = YES;
				SWIFT_VERSION = 5.0;
				TARGETED_DEVICE_FAMILY = 4;
				WATCHOS_DEPLOYMENT_TARGET = 26.5;
			};
			name = Debug;
		};
		CDD1EA892FF5BE6300F095DE /* Release */ = {
			isa = XCBuildConfiguration;
			buildSettings = {
				ASSETCATALOG_COMPILER_APPICON_NAME = AppIcon;
				ASSETCATALOG_COMPILER_GLOBAL_ACCENT_COLOR_NAME = AccentColor;
				CLANG_ENABLE_MODULES = YES;
				CODE_SIGN_STYLE = Automatic;
				CURRENT_PROJECT_VERSION = 1;
				DEVELOPMENT_TEAM = NQ6AJVVBBJ;
				ENABLE_PREVIEWS = YES;
				ENABLE_USER_SCRIPT_SANDBOXING = YES;
				GENERATE_INFOPLIST_FILE = YES;
				INFOPLIST_KEY_CFBundleDisplayName = "Show Picker Club";
				INFOPLIST_KEY_UISupportedInterfaceOrientations = "UIInterfaceOrientationPortrait UIInterfaceOrientationPortraitUpsideDown";
				INFOPLIST_KEY_WKCompanionAppBundleIdentifier = net.patrickturner.showpickerios;
				LD_RUNPATH_SEARCH_PATHS = (
					"$(inherited)",
					"@executable_path/Frameworks",
				);
				MARKETING_VERSION = 1.0;
				PRODUCT_BUNDLE_IDENTIFIER = net.patrickturner.showpickerios.watchkitapp;
				PRODUCT_NAME = "$(TARGET_NAME)";
				SDKROOT = watchos;
				SKIP_INSTALL = YES;
				STRING_CATALOG_GENERATE_SYMBOLS = YES;
				SWIFT_APPROACHABLE_CONCURRENCY = YES;
				SWIFT_DEFAULT_ACTOR_ISOLATION = MainActor;
				SWIFT_EMIT_LOC_STRINGS = YES;
				SWIFT_UPCOMING_FEATURE_MEMBER_IMPORT_VISIBILITY = YES;
				SWIFT_VERSION = 5.0;
				TARGETED_DEVICE_FAMILY = 4;
				WATCHOS_DEPLOYMENT_TARGET = 26.5;
			};
			name = Release;
		};
/* End XCBuildConfiguration section */

/* Begin XCConfigurationList section */
		A10000000000000000000201 /* Build configuration list for PBXProject "ShowPickerIOS" */ = {
			isa = XCConfigurationList;
			buildConfigurations = (
				A10000000000000000000301 /* Debug */,
				A10000000000000000000302 /* Release */,
			);
			defaultConfigurationIsVisible = 0;
			defaultConfigurationName = Release;
		};
		A10000000000000000000202 /* Build configuration list for PBXNativeTarget "ShowPickerIOS" */ = {
			isa = XCConfigurationList;
			buildConfigurations = (
				A10000000000000000000303 /* Debug */,
				A10000000000000000000304 /* Release */,
			);
			defaultConfigurationIsVisible = 0;
			defaultConfigurationName = Release;
		};
		A10000000000000000000203 /* Build configuration list for PBXNativeTarget "ShowPickerShareExtension" */ = {
			isa = XCConfigurationList;
			buildConfigurations = (
				A10000000000000000000305 /* Debug */,
				A10000000000000000000306 /* Release */,
			);
			defaultConfigurationIsVisible = 0;
			defaultConfigurationName = Release;
		};
		A10000000000000000000204 /* Build configuration list for PBXNativeTarget "ShowPickerShareExtensionTests" */ = {
			isa = XCConfigurationList;
			buildConfigurations = (
				A10000000000000000000307 /* Debug */,
				A10000000000000000000308 /* Release */,
			);
			defaultConfigurationIsVisible = 0;
			defaultConfigurationName = Release;
		};
		CDD1EA8A2FF5BE6300F095DE /* Build configuration list for PBXNativeTarget "ShowPickerWatch Watch App" */ = {
			isa = XCConfigurationList;
			buildConfigurations = (
				CDD1EA882FF5BE6300F095DE /* Debug */,
				CDD1EA892FF5BE6300F095DE /* Release */,
			);
			defaultConfigurationIsVisible = 0;
			defaultConfigurationName = Release;
		};
/* End XCConfigurationList section */

/* Begin XCLocalSwiftPackageReference section */
		CDE59A2B2FF5B08200CBD097 /* XCLocalSwiftPackageReference "../ShowPickerCore" */ = {
			isa = XCLocalSwiftPackageReference;
			relativePath = ../ShowPickerCore;
		};
/* End XCLocalSwiftPackageReference section */

/* Begin XCSwiftPackageProductDependency section */
		CDD1EA972FF5C17700F095DE /* ShowPickerCore */ = {
			isa = XCSwiftPackageProductDependency;
			productName = ShowPickerCore;
		};
		CDE59A2D2FF5B30D00CBD097 /* ShowPickerCore */ = {
			isa = XCSwiftPackageProductDependency;
			package = CDE59A2B2FF5B08200CBD097 /* XCLocalSwiftPackageReference "../ShowPickerCore" */;
			productName = ShowPickerCore;
		};
/* End XCSwiftPackageProductDependency section */
	};
	rootObject = A100000000000000000000A1 /* Project object */;
}
